// !$*UTF8*$!
{
	archiveVersion = 1;
	classes = {
	};
	objectVersion = 50;
	objects = {

/* Begin PBXBuildFile section */
		FB81583C2182AA4F00ADDB10 /* AppDelegate.swift in Sources */ = {isa = PBXBuildFile; fileRef = FB81583B2182AA4F00ADDB10 /* AppDelegate.swift */; };
		FB81583E2182AA4F00ADDB10 /* ViewController.swift in Sources */ = {isa = PBXBuildFile; fileRef = FB81583D2182AA4F00ADDB10 /* ViewController.swift */; };
		FB8158412182AA4F00ADDB10 /* Main.storyboard in Resources */ = {isa = PBXBuildFile; fileRef = FB81583F2182AA4F00ADDB10 /* Main.storyboard */; };
		FB8158432182AA5000ADDB10 /* Assets.xcassets in Resources */ = {isa = PBXBuildFile; fileRef = FB8158422182AA5000ADDB10 /* Assets.xcassets */; };
		FB8158462182AA5000ADDB10 /* LaunchScreen.storyboard in Resources */ = {isa = PBXBuildFile; fileRef = FB8158442182AA5000ADDB10 /* LaunchScreen.storyboard */; };
		FB8158512182AA5000ADDB10 /* NotificationSampleTests.swift in Sources */ = {isa = PBXBuildFile; fileRef = FB8158502182AA5000ADDB10 /* NotificationSampleTests.swift */; };
		FB81585C2182AA5000ADDB10 /* NotificationSampleUITests.swift in Sources */ = {isa = PBXBuildFile; fileRef = FB81585B2182AA5000ADDB10 /* NotificationSampleUITests.swift */; };
/* End PBXBuildFile section */

/* Begin PBXContainerItemProxy section */
		FB81584D2182AA5000ADDB10 /* PBXContainerItemProxy */ = {
			isa = PBXContainerItemProxy;
			containerPortal = FB8158302182AA4F00ADDB10 /* Project object */;
			proxyType = 1;
			remoteGlobalIDString = FB8158372182AA4F00ADDB10;
			remoteInfo = NotificationSample;
		};
		FB8158582182AA5000ADDB10 /* PBXContainerItemProxy */ = {
			isa = PBXContainerItemProxy;
			containerPortal = FB8158302182AA4F00ADDB10 /* Project object */;
			proxyType = 1;
			remoteGlobalIDString = FB8158372182AA4F00ADDB10;
			remoteInfo = NotificationSample;
		};
/* End PBXContainerItemProxy section */

/* Begin PBXFileReference section */
		FB8158382182AA4F00ADDB10 /* NotificationSample.app */ = {isa = PBXFileReference; explicitFileType = wrapper.application; includeInIndex = 0; path = NotificationSample.app; sourceTree = BUILT_PRODUCTS_DIR; };
		FB81583B2182AA4F00ADDB10 /* AppDelegate.swift */ = {isa = PBXFileReference; lastKnownFileType = sourcecode.swift; path = AppDelegate.swift; sourceTree = "<group>"; };
		FB81583D2182AA4F00ADDB10 /* ViewController.swift */ = {isa = PBXFileReference; lastKnownFileType = sourcecode.swift; path = ViewController.swift; sourceTree = "<group>"; };
		FB8158402182AA4F00ADDB10 /* Base */ = {isa = PBXFileReference; lastKnownFileType = file.storyboard; name = Base; path = Base.lproj/Main.storyboard; sourceTree = "<group>"; };
		FB8158422182AA5000ADDB10 /* Assets.xcassets */ = {isa = PBXFileReference; lastKnownFileType = folder.assetcatalog; path = Assets.xcassets; sourceTree = "<group>"; };
		FB8158452182AA5000ADDB10 /* Base */ = {isa = PBXFileReference; lastKnownFileType = file.storyboard; name = Base; path = Base.lproj/LaunchScreen.storyboard; sourceTree = "<group>"; };
		FB8158472182AA5000ADDB10 /* Info.plist */ = {isa = PBXFileReference; lastKnownFileType = text.plist.xml; path = Info.plist; sourceTree = "<group>"; };
		FB81584C2182AA5000ADDB10 /* NotificationSampleTests.xctest */ = {isa = PBXFileReference; explicitFileType = wrapper.cfbundle; includeInIndex = 0; path = NotificationSampleTests.xctest; sourceTree = BUILT_PRODUCTS_DIR; };
		FB8158502182AA5000ADDB10 /* NotificationSampleTests.swift */ = {isa = PBXFileReference; lastKnownFileType = sourcecode.swift; path = NotificationSampleTests.swift; sourceTree = "<group>"; };
		FB8158522182AA5000ADDB10 /* Info.plist */ = {isa = PBXFileReference; lastKnownFileType = text.plist.xml; path = Info.plist; sourceTree = "<group>"; };
		FB8158572182AA5000ADDB10 /* NotificationSampleUITests.xctest */ = {isa = PBXFileReference; explicitFileType = wrapper.cfbundle; includeInIndex = 0; path = NotificationSampleUITests.xctest; sourceTree = BUILT_PRODUCTS_DIR; };
		FB81585B2182AA5000ADDB10 /* NotificationSampleUITests.swift */ = {isa = PBXFileReference; lastKnownFileType = sourcecode.swift; path = NotificationSampleUITests.swift; sourceTree = "<group>"; };
		FB81585D2182AA5000ADDB10 /* Info.plist */ = {isa = PBXFileReference; lastKnownFileType = text.plist.xml; path = Info.plist; sourceTree = "<group>"; };
/* End PBXFileReference section */

/* Begin PBXFrameworksBuildPhase section */
		FB8158352182AA4F00ADDB10 /* Frameworks */ = {
			isa = PBXFrameworksBuildPhase;
			buildActionMask = 2147483647;
			files = (
			);
			runOnlyForDeploymentPostprocessing = 0;
		};
		FB8158492182AA5000ADDB10 /* Frameworks */ = {
			isa = PBXFrameworksBuildPhase;
			buildActionMask = 2147483647;
			files = (
			);
			runOnlyForDeploymentPostprocessing = 0;
		};
		FB8158542182AA5000ADDB10 /* Frameworks */ = {
			isa = PBXFrameworksBuildPhase;
			buildActionMask = 2147483647;
			files = (
			);
			runOnlyForDeploymentPostprocessing = 0;
		};
/* End PBXFrameworksBuildPhase section */

/* Begin PBXGroup section */
		FB81582F2182AA4F00ADDB10 = {
			isa = PBXGroup;
			children = (
				FB81583A2182AA4F00ADDB10 /* NotificationSample */,
				FB81584F2182AA5000ADDB10 /* NotificationSampleTests */,
				FB81585A2182AA5000ADDB10 /* NotificationSampleUITests */,
				FB8158392182AA4F00ADDB10 /* Products */,
			);
			sourceTree = "<group>";
		};
		FB8158392182AA4F00ADDB10 /* Products */ = {
			isa = PBXGroup;
			children = (
				FB8158382182AA4F00ADDB10 /* NotificationSample.app */,
				FB81584C2182AA5000ADDB10 /* NotificationSampleTests.xctest */,
				FB8158572182AA5000ADDB10 /* NotificationSampleUITests.xctest */,
			);
			name = Products;
			sourceTree = "<group>";
		};
		FB81583A2182AA4F00ADDB10 /* NotificationSample */ = {
			isa = PBXGroup;
			children = (
				FB81583B2182AA4F00ADDB10 /* AppDelegate.swift */,
				FB81583D2182AA4F00ADDB10 /* ViewController.swift */,
				FB81583F2182AA4F00ADDB10 /* Main.storyboard */,
				FB8158422182AA5000ADDB10 /* Assets.xcassets */,
				FB8158442182AA5000ADDB10 /* LaunchScreen.storyboard */,
				FB8158472182AA5000ADDB10 /* Info.plist */,
			);
			path = NotificationSample;
			sourceTree = "<group>";
		};
		FB81584F2182AA5000ADDB10 /* NotificationSampleTests */ = {
			isa = PBXGroup;
			children = (
				FB8158502182AA5000ADDB10 /* NotificationSampleTests.swift */,
				FB8158522182AA5000ADDB10 /* Info.plist */,
			);
			path = NotificationSampleTests;
			sourceTree = "<group>";
		};
		FB81585A2182AA5000ADDB10 /* NotificationSampleUITests */ = {
			isa = PBXGroup;
			children = (
				FB81585B2182AA5000ADDB10 /* NotificationSampleUITests.swift */,
				FB81585D2182AA5000ADDB10 /* Info.plist */,
			);
			path = NotificationSampleUITests;
			sourceTree = "<group>";
		};
/* End PBXGroup section */

/* Begin PBXNativeTarget section */
		FB8158372182AA4F00ADDB10 /* NotificationSample */ = {
			isa = PBXNativeTarget;
			buildConfigurationList = FB8158602182AA5000ADDB10 /* Build configuration list for PBXNativeTarget "NotificationSample" */;
			buildPhases = (
				FB8158342182AA4F00ADDB10 /* Sources */,
				FB8158352182AA4F00ADDB10 /* Frameworks */,
				FB8158362182AA4F00ADDB10 /* Resources */,
			);
			buildRules = (
			);
			dependencies = (
			);
			name = NotificationSample;
			productName = NotificationSample;
			productReference = FB8158382182AA4F00ADDB10 /* NotificationSample.app */;
			productType = "com.apple.product-type.application";
		};
		FB81584B2182AA5000ADDB10 /* NotificationSampleTests */ = {
			isa = PBXNativeTarget;
			buildConfigurationList = FB8158632182AA5000ADDB10 /* Build configuration list for PBXNativeTarget "NotificationSampleTests" */;
			buildPhases = (
				FB8158482182AA5000ADDB10 /* Sources */,
				FB8158492182AA5000ADDB10 /* Frameworks */,
				FB81584A2182AA5000ADDB10 /* Resources */,
			);
			buildRules = (
			);
			dependencies = (
				FB81584E2182AA5000ADDB10 /* PBXTargetDependency */,
			);
			name = NotificationSampleTests;
			productName = NotificationSampleTests;
			productReference = FB81584C2182AA5000ADDB10 /* NotificationSampleTests.xctest */;
			productType = "com.apple.product-type.bundle.unit-test";
		};
		FB8158562182AA5000ADDB10 /* NotificationSampleUITests */ = {
			isa = PBXNativeTarget;
			buildConfigurationList = FB8158662182AA5000ADDB10 /* Build configuration list for PBXNativeTarget "NotificationSampleUITests" */;
			buildPhases = (
				FB8158532182AA5000ADDB10 /* Sources */,
				FB8158542182AA5000ADDB10 /* Frameworks */,
				FB8158552182AA5000ADDB10 /* Resources */,
			);
			buildRules = (
			);
			dependencies = (
				FB8158592182AA5000ADDB10 /* PBXTargetDependency */,
			);
			name = NotificationSampleUITests;
			productName = NotificationSampleUITests;
			productReference = FB8158572182AA5000ADDB10 /* NotificationSampleUITests.xctest */;
			productType = "com.apple.product-type.bundle.ui-testing";
		};
/* End PBXNativeTarget section */

/* Begin PBXProject section */
		FB8158302182AA4F00ADDB10 /* Project object */ = {
			isa = PBXProject;
			attributes = {
				LastSwiftUpdateCheck = 1000;
				LastUpgradeCheck = 1000;
				ORGANIZATIONNAME = Kageken;
				TargetAttributes = {
					FB8158372182AA4F00ADDB10 = {
						CreatedOnToolsVersion = 10.0;
					};
					FB81584B2182AA5000ADDB10 = {
						CreatedOnToolsVersion = 10.0;
						TestTargetID = FB8158372182AA4F00ADDB10;
					};
					FB8158562182AA5000ADDB10 = {
						CreatedOnToolsVersion = 10.0;
						TestTargetID = FB8158372182AA4F00ADDB10;
					};
				};
			};
			buildConfigurationList = FB8158332182AA4F00ADDB10 /* Build configuration list for PBXProject "NotificationSample" */;
			compatibilityVersion = "Xcode 9.3";
			developmentRegion = en;
			hasScannedForEncodings = 0;
			knownRegions = (
				en,
				Base,
			);
			mainGroup = FB81582F2182AA4F00ADDB10;
			productRefGroup = FB8158392182AA4F00ADDB10 /* Products */;
			projectDirPath = "";
			projectRoot = "";
			targets = (
				FB8158372182AA4F00ADDB10 /* NotificationSample */,
				FB81584B2182AA5000ADDB10 /* NotificationSampleTests */,
				FB8158562182AA5000ADDB10 /* NotificationSampleUITests */,
			);
		};
/* End PBXProject section */

/* Begin PBXResourcesBuildPhase section */
		FB8158362182AA4F00ADDB10 /* Resources */ = {
			isa = PBXResourcesBuildPhase;
			buildActionMask = 2147483647;
			files = (
				FB8158462182AA5000ADDB10 /* LaunchScreen.storyboard in Resources */,
				FB8158432182AA5000ADDB10 /* Assets.xcassets in Resources */,
				FB8158412182AA4F00ADDB10 /* Main.storyboard in Resources */,
			);
			runOnlyForDeploymentPostprocessing = 0;
		};
		FB81584A2182AA5000ADDB10 /* Resources */ = {
			isa = PBXResourcesBuildPhase;
			buildActionMask = 2147483647;
			files = (
			);
			runOnlyForDeploymentPostprocessing = 0;
		};
		FB8158552182AA5000ADDB10 /* Resources */ = {
			isa = PBXResourcesBuildPhase;
			buildActionMask = 2147483647;
			files = (
			);
			runOnlyForDeploymentPostprocessing = 0;
		};
/* End PBXResourcesBuildPhase section */

/* Begin PBXSourcesBuildPhase section */
		FB8158342182AA4F00ADDB10 /* Sources */ = {
			isa = PBXSourcesBuildPhase;
			buildActionMask = 2147483647;
			files = (
				FB81583E2182AA4F00ADDB10 /* ViewController.swift in Sources */,
				FB81583C2182AA4F00ADDB10 /* AppDelegate.swift in Sources */,
			);
			runOnlyForDeploymentPostprocessing = 0;
		};
		FB8158482182AA5000ADDB10 /* Sources */ = {
			isa = PBXSourcesBuildPhase;
			buildActionMask = 2147483647;
			files = (
				FB8158512182AA5000ADDB10 /* NotificationSampleTests.swift in Sources */,
			);
			runOnlyForDeploymentPostprocessing = 0;
		};
		FB8158532182AA5000ADDB10 /* Sources */ = {
			isa = PBXSourcesBuildPhase;
			buildActionMask = 2147483647;
			files = (
				FB81585C2182AA5000ADDB10 /* NotificationSampleUITests.swift in Sources */,
			);
			runOnlyForDeploymentPostprocessing = 0;
		};
/* End PBXSourcesBuildPhase section */

/* Begin PBXTargetDependency section */
		FB81584E2182AA5000ADDB10 /* PBXTargetDependency */ = {
			isa = PBXTargetDependency;
			target = FB8158372182AA4F00ADDB10 /* NotificationSample */;
			targetProxy = FB81584D2182AA5000ADDB10 /* PBXContainerItemProxy */;
		};
		FB8158592182AA5000ADDB10 /* PBXTargetDependency */ = {
			isa = PBXTargetDependency;
			target = FB8158372182AA4F00ADDB10 /* NotificationSample */;
			targetProxy = FB8158582182AA5000ADDB10 /* PBXContainerItemProxy */;
		};
/* End PBXTargetDependency section */

/* Begin PBXVariantGroup section */
		FB81583F2182AA4F00ADDB10 /* Main.storyboard */ = {
			isa = PBXVariantGroup;
			children = (
				FB8158402182AA4F00ADDB10 /* Base */,
			);
			name = Main.storyboard;
			sourceTree = "<group>";
		};
		FB8158442182AA5000ADDB10 /* LaunchScreen.storyboard */ = {
			isa = PBXVariantGroup;
			children = (
				FB8158452182AA5000ADDB10 /* Base */,
			);
			name = LaunchScreen.storyboard;
			sourceTree = "<group>";
		};
/* End PBXVariantGroup section */

/* Begin XCBuildConfiguration section */
		FB81585E2182AA5000ADDB10 /* Debug */ = {
			isa = XCBuildConfiguration;
			buildSettings = {
				ALWAYS_SEARCH_USER_PATHS = NO;
				CLANG_ANALYZER_NONNULL = YES;
				CLANG_ANALYZER_NUMBER_OBJECT_CONVERSION = YES_AGGRESSIVE;
				CLANG_CXX_LANGUAGE_STANDARD = "gnu++14";
				CLANG_CXX_LIBRARY = "libc++";
				CLANG_ENABLE_MODULES = YES;
				CLANG_ENABLE_OBJC_ARC = YES;
				CLANG_ENABLE_OBJC_WEAK = YES;
				CLANG_WARN_BLOCK_CAPTURE_AUTORELEASING = YES;
				CLANG_WARN_BOOL_CONVERSION = YES;
				CLANG_WARN_COMMA = YES;
				CLANG_WARN_CONSTANT_CONVERSION = YES;
				CLANG_WARN_DEPRECATED_OBJC_IMPLEMENTATIONS = YES;
				CLANG_WARN_DIRECT_OBJC_ISA_USAGE = YES_ERROR;
				CLANG_WARN_DOCUMENTATION_COMMENTS = YES;
				CLANG_WARN_EMPTY_BODY = YES;
				CLANG_WARN_ENUM_CONVERSION = YES;
				CLANG_WARN_INFINITE_RECURSION = YES;
				CLANG_WARN_INT_CONVERSION = YES;
				CLANG_WARN_NON_LITERAL_NULL_CONVERSION = YES;
				CLANG_WARN_OBJC_IMPLICIT_RETAIN_SELF = YES;
				CLANG_WARN_OBJC_LITERAL_CONVERSION = YES;
				CLANG_WARN_OBJC_ROOT_CLASS = YES_ERROR;
				CLANG_WARN_RANGE_LOOP_ANALYSIS = YES;
				CLANG_WARN_STRICT_PROTOTYPES = YES;
				CLANG_WARN_SUSPICIOUS_MOVE = YES;
				CLANG_WARN_UNGUARDED_AVAILABILITY = YES_AGGRESSIVE;
				CLANG_WARN_UNREACHABLE_CODE = YES;
				CLANG_WARN__DUPLICATE_METHOD_MATCH = YES;
				CODE_SIGN_IDENTITY = "iPhone Developer";
				COPY_PHASE_STRIP = NO;
				DEBUG_INFORMATION_FORMAT = dwarf;
				ENABLE_STRICT_OBJC_MSGSEND = YES;
				ENABLE_TESTABILITY = YES;
				GCC_C_LANGUAGE_STANDARD = gnu11;
				GCC_DYNAMIC_NO_PIC = NO;
				GCC_NO_COMMON_BLOCKS = YES;
				GCC_OPTIMIZATION_LEVEL = 0;
				GCC_PREPROCESSOR_DEFINITIONS = (
					"DEBUG=1",
					"$(inherited)",
				);
				GCC_WARN_64_TO_32_BIT_CONVERSION = YES;
				GCC_WARN_ABOUT_RETURN_TYPE = YES_ERROR;
				GCC_WARN_UNDECLARED_SELECTOR = YES;
				GCC_WARN_UNINITIALIZED_AUTOS = YES_AGGRESSIVE;
				GCC_WARN_UNUSED_FUNCTION = YES;
				GCC_WARN_UNUSED_VARIABLE = YES;
				IPHONEOS_DEPLOYMENT_TARGET = 12.0;
				MTL_ENABLE_DEBUG_INFO = INCLUDE_SOURCE;
				MTL_FAST_MATH = YES;
				ONLY_ACTIVE_ARCH = YES;
				SDKROOT = iphoneos;
				SWIFT_ACTIVE_COMPILATION_CONDITIONS = DEBUG;
				SWIFT_OPTIMIZATION_LEVEL = "-Onone";
			};
			name = Debug;
		};
		FB81585F2182AA5000ADDB10 /* Release */ = {
			isa = XCBuildConfiguration;
			buildSettings = {
				ALWAYS_SEARCH_USER_PATHS = NO;
				CLANG_ANALYZER_NONNULL = YES;
				CLANG_ANALYZER_NUMBER_OBJECT_CONVERSION = YES_AGGRESSIVE;
				CLANG_CXX_LANGUAGE_STANDARD = "gnu++14";
				CLANG_CXX_LIBRARY = "libc++";
				CLANG_ENABLE_MODULES = YES;
				CLANG_ENABLE_OBJC_ARC = YES;
				CLANG_ENABLE_OBJC_WEAK = YES;
				CLANG_WARN_BLOCK_CAPTURE_AUTORELEASING = YES;
				CLANG_WARN_BOOL_CONVERSION = YES;
				CLANG_WARN_COMMA = YES;
				CLANG_WARN_CONSTANT_CONVERSION = YES;
				CLANG_WARN_DEPRECATED_OBJC_IMPLEMENTATIONS = YES;
				CLANG_WARN_DIRECT_OBJC_ISA_USAGE = YES_ERROR;
				CLANG_WARN_DOCUMENTATION_COMMENTS = YES;
				CLANG_WARN_EMPTY_BODY = YES;
				CLANG_WARN_ENUM_CONVERSION = YES;
				CLANG_WARN_INFINITE_RECURSION = YES;
				CLANG_WARN_INT_CONVERSION = YES;
				CLANG_WARN_NON_LITERAL_NULL_CONVERSION = YES;
				CLANG_WARN_OBJC_IMPLICIT_RETAIN_SELF = YES;
				CLANG_WARN_OBJC_LITERAL_CONVERSION = YES;
				CLANG_WARN_OBJC_ROOT_CLASS = YES_ERROR;
				CLANG_WARN_RANGE_LOOP_ANALYSIS = YES;
				CLANG_WARN_STRICT_PROTOTYPES = YES;
				CLANG_WARN_SUSPICIOUS_MOVE = YES;
				CLANG_WARN_UNGUARDED_AVAILABILITY = YES_AGGRESSIVE;
				CLANG_WARN_UNREACHABLE_CODE = YES;
				CLANG_WARN__DUPLICATE_METHOD_MATCH = YES;
				CODE_SIGN_IDENTITY = "iPhone Developer";
				COPY_PHASE_STRIP = NO;
				DEBUG_INFORMATION_FORMAT = "dwarf-with-dsym";
				ENABLE_NS_ASSERTIONS = NO;
				ENABLE_STRICT_OBJC_MSGSEND = YES;
				GCC_C_LANGUAGE_STANDARD = gnu11;
				GCC_NO_COMMON_BLOCKS = YES;
				GCC_WARN_64_TO_32_BIT_CONVERSION = YES;
				GCC_WARN_ABOUT_RETURN_TYPE = YES_ERROR;
				GCC_WARN_UNDECLARED_SELECTOR = YES;
				GCC_WARN_UNINITIALIZED_AUTOS = YES_AGGRESSIVE;
				GCC_WARN_UNUSED_FUNCTION = YES;
				GCC_WARN_UNUSED_VARIABLE = YES;
				IPHONEOS_DEPLOYMENT_TARGET = 12.0;
				MTL_ENABLE_DEBUG_INFO = NO;
				MTL_FAST_MATH = YES;
				SDKROOT = iphoneos;
				SWIFT_COMPILATION_MODE = wholemodule;
				SWIFT_OPTIMIZATION_LEVEL = "-O";
				VALIDATE_PRODUCT = YES;
			};
			name = Release;
		};
		FB8158612182AA5000ADDB10 /* Debug */ = {
			isa = XCBuildConfiguration;
			buildSettings = {
				ASSETCATALOG_COMPILER_APPICON_NAME = AppIcon;
				CODE_SIGN_STYLE = Automatic;
				DEVELOPMENT_TEAM = 56GPH5VFNS;
				INFOPLIST_FILE = NotificationSample/Info.plist;
				LD_RUNPATH_SEARCH_PATHS = (
					"$(inherited)",
					"@executable_path/Frameworks",
				);
				PRODUCT_BUNDLE_IDENTIFIER = Kageken.NotificationSample;
				PRODUCT_NAME = "$(TARGET_NAME)";
				SWIFT_VERSION = 4.2;
				TARGETED_DEVICE_FAMILY = "1,2";
			};
			name = Debug;
		};
		FB8158622182AA5000ADDB10 /* Release */ = {
			isa = XCBuildConfiguration;
			buildSettings = {
				ASSETCATALOG_COMPILER_APPICON_NAME = AppIcon;
				CODE_SIGN_STYLE = Automatic;
				DEVELOPMENT_TEAM = 56GPH5VFNS;
				INFOPLIST_FILE = NotificationSample/Info.plist;
				LD_RUNPATH_SEARCH_PATHS = (
					"$(inherited)",
					"@executable_path/Frameworks",
				);
				PRODUCT_BUNDLE_IDENTIFIER = Kageken.NotificationSample;
				PRODUCT_NAME = "$(TARGET_NAME)";
				SWIFT_VERSION = 4.2;
				TARGETED_DEVICE_FAMILY = "1,2";
			};
			name = Release;
		};
		FB8158642182AA5000ADDB10 /* Debug */ = {
			isa = XCBuildConfiguration;
			buildSettings = {
				ALWAYS_EMBED_SWIFT_STANDARD_LIBRARIES = YES;
				BUNDLE_LOADER = "$(TEST_HOST)";
				CODE_SIGN_STYLE = Automatic;
				DEVELOPMENT_TEAM = 56GPH5VFNS;
				INFOPLIST_FILE = NotificationSampleTests/Info.plist;
				LD_RUNPATH_SEARCH_PATHS = (
					"$(inherited)",
					"@executable_path/Frameworks",
					"@loader_path/Frameworks",
				);
				PRODUCT_BUNDLE_IDENTIFIER = Kageken.NotificationSampleTests;
				PRODUCT_NAME = "$(TARGET_NAME)";
				SWIFT_VERSION = 4.2;
				TARGETED_DEVICE_FAMILY = "1,2";
				TEST_HOST = "$(BUILT_PRODUCTS_DIR)/NotificationSample.app/NotificationSample";
			};
			name = Debug;
		};
		FB8158652182AA5000ADDB10 /* Release */ = {
			isa = XCBuildConfiguration;
			buildSettings = {
				ALWAYS_EMBED_SWIFT_STANDARD_LIBRARIES = YES;
				BUNDLE_LOADER = "$(TEST_HOST)";
				CODE_SIGN_STYLE = Automatic;
				DEVELOPMENT_TEAM = 56GPH5VFNS;
				INFOPLIST_FILE = NotificationSampleTests/Info.plist;
				LD_RUNPATH_SEARCH_PATHS = (
					"$(inherited)",
					"@executable_path/Frameworks",
					"@loader_path/Frameworks",
				);
				PRODUCT_BUNDLE_IDENTIFIER = Kageken.NotificationSampleTests;
				PRODUCT_NAME = "$(TARGET_NAME)";
				SWIFT_VERSION = 4.2;
				TARGETED_DEVICE_FAMILY = "1,2";
				TEST_HOST = "$(BUILT_PRODUCTS_DIR)/NotificationSample.app/NotificationSample";
			};
			name = Release;
		};
		FB8158672182AA5000ADDB10 /* Debug */ = {
			isa = XCBuildConfiguration;
			buildSettings = {
				ALWAYS_EMBED_SWIFT_STANDARD_LIBRARIES = YES;
				CODE_SIGN_STYLE = Automatic;
				DEVELOPMENT_TEAM = 56GPH5VFNS;
				INFOPLIST_FILE = NotificationSampleUITests/Info.plist;
				LD_RUNPATH_SEARCH_PATHS = (
					"$(inherited)",
					"@executable_path/Frameworks",
					"@loader_path/Frameworks",
				);
				PRODUCT_BUNDLE_IDENTIFIER = Kageken.NotificationSampleUITests;
				PRODUCT_NAME = "$(TARGET_NAME)";
				SWIFT_VERSION = 4.2;
				TARGETED_DEVICE_FAMILY = "1,2";
				TEST_TARGET_NAME = NotificationSample;
			};
			name = Debug;
		};
		FB8158682182AA5000ADDB10 /* Release */ = {
			isa = XCBuildConfiguration;
			buildSettings = {
				ALWAYS_EMBED_SWIFT_STANDARD_LIBRARIES = YES;
				CODE_SIGN_STYLE = Automatic;
				DEVELOPMENT_TEAM = 56GPH5VFNS;
				INFOPLIST_FILE = NotificationSampleUITests/Info.plist;
				LD_RUNPATH_SEARCH_PATHS = (
					"$(inherited)",
					"@executable_path/Frameworks",
					"@loader_path/Frameworks",
				);
				PRODUCT_BUNDLE_IDENTIFIER = Kageken.NotificationSampleUITests;
				PRODUCT_NAME = "$(TARGET_NAME)";
				SWIFT_VERSION = 4.2;
				TARGETED_DEVICE_FAMILY = "1,2";
				TEST_TARGET_NAME = NotificationSample;
			};
			name = Release;
		};
/* End XCBuildConfiguration section */

/* Begin XCConfigurationList section */
		FB8158332182AA4F00ADDB10 /* Build configuration list for PBXProject "NotificationSample" */ = {
			isa = XCConfigurationList;
			buildConfigurations = (
				FB81585E2182AA5000ADDB10 /* Debug */,
				FB81585F2182AA5000ADDB10 /* Release */,
			);
			defaultConfigurationIsVisible = 0;
			defaultConfigurationName = Release;
		};
		FB8158602182AA5000ADDB10 /* Build configuration list for PBXNativeTarget "NotificationSample" */ = {
			isa = XCConfigurationList;
			buildConfigurations = (
				FB8158612182AA5000ADDB10 /* Debug */,
				FB8158622182AA5000ADDB10 /* Release */,
			);
			defaultConfigurationIsVisible = 0;
			defaultConfigurationName = Release;
		};
		FB8158632182AA5000ADDB10 /* Build configuration list for PBXNativeTarget "NotificationSampleTests" */ = {
			isa = XCConfigurationList;
			buildConfigurations = (
				FB8158642182AA5000ADDB10 /* Debug */,
				FB8158652182AA5000ADDB10 /* Release */,
			);
			defaultConfigurationIsVisible = 0;
			defaultConfigurationName = Release;
		};
		FB8158662182AA5000ADDB10 /* Build configuration list for PBXNativeTarget "NotificationSampleUITests" */ = {
			isa = XCConfigurationList;
			buildConfigurations = (
				FB8158672182AA5000ADDB10 /* Debug */,
				FB8158682182AA5000ADDB10 /* Release */,
			);
			defaultConfigurationIsVisible = 0;
			defaultConfigurationName = Release;
		};
/* End XCConfigurationList section */
	};
	rootObject = FB8158302182AA4F00ADDB10 /* Project object */;
}
